
Microsoft Visual Studio Solution File, Format Version 12.00
# Visual Studio Version 16
VisualStudioVersion = 16.0.30413.136
MinimumVisualStudioVersion = 10.0.40219.1
Project("{9A19103F-16F7-4668-BE54-9A1E7A4F7556}") = "Devboost.ChallengeDay.Api", "Devboost.ChallengeDay\Devboost.ChallengeDay.Api.csproj", "{84D8871E-0F6D-48EC-BF73-971E7DA0924F}"
EndProject
Project("{2150E333-8FDC-42A3-9474-1A3956D46DE8}") = "Shared", "Shared", "{7F825D96-28EB-4071-B36E-57DC82BEBDD2}"
EndProject
Project("{2150E333-8FDC-42A3-9474-1A3956D46DE8}") = "1 - Services", "1 - Services", "{10AB3E64-680E-4150-BE89-2871FD50D136}"
EndProject
Project("{2150E333-8FDC-42A3-9474-1A3956D46DE8}") = "2 - Application", "2 - Application", "{44A6F185-4AF3-476C-8AB2-61EB03B094D0}"
EndProject
Project("{2150E333-8FDC-42A3-9474-1A3956D46DE8}") = "3 - Domain", "3 - Domain", "{FDEA76FA-651D-4B5C-A6F6-DF8ABABD26F9}"
EndProject
Project("{2150E333-8FDC-42A3-9474-1A3956D46DE8}") = "4 - Infrastructure", "4 - Infrastructure", "{345F047F-3E87-4575-A2CF-7000C3842A7C}"
EndProject
Project("{9A19103F-16F7-4668-BE54-9A1E7A4F7556}") = "Devboost.ChallengeDay.Application", "Devboost.ChallengeDay.Application\Devboost.ChallengeDay.Application.csproj", "{90C25E88-FE2E-4FD9-AD09-B27223CFCF26}"
EndProject
Project("{9A19103F-16F7-4668-BE54-9A1E7A4F7556}") = "Devboost.ChallengeDay.Domain", "Devboost.ChallengeDay.Domain\Devboost.ChallengeDay.Domain.csproj", "{76A3529D-79AF-4E6B-AED4-CB12FF7DDD87}"
EndProject
Project("{9A19103F-16F7-4668-BE54-9A1E7A4F7556}") = "Devboost.ChallengeDay.DomainServices", "Devboost.ChallengeDay.DomainServices\Devboost.ChallengeDay.DomainServices.csproj", "{CE94222A-8691-4E7D-863C-E4C939DCB746}"
EndProject
Project("{9A19103F-16F7-4668-BE54-9A1E7A4F7556}") = "Devboost.ChallengeDay.IoC", "Devboost.ChallengeDay.IoC\Devboost.ChallengeDay.IoC.csproj", "{71514663-303F-49E7-8429-3857F8CFEFD0}"
EndProject
Project("{9A19103F-16F7-4668-BE54-9A1E7A4F7556}") = "Devboost.ChallengeDay.Consumer.Api", "Devboost.ChallengeDay.Consumer.Api\Devboost.ChallengeDay.Consumer.Api.csproj", "{CE6C0B6C-6F2A-4CBC-A5E0-E1ABDFB43FF5}"
EndProject
Project("{9A19103F-16F7-4668-BE54-9A1E7A4F7556}") = "Devboost.ChallengeDay.Shared.Domain", "Shared\Devboost.ChallengeDay.Shared.Domain\Devboost.ChallengeDay.Shared.Domain.csproj", "{85D25B95-6F8B-4E41-AAF1-FF3E831D517B}"
EndProject
Project("{9A19103F-16F7-4668-BE54-9A1E7A4F7556}") = "Devboost.ChallengeDay.Shared.Services", "Shared\Devboost.ChallengeDay.Shared.Services\Devboost.ChallengeDay.Shared.Services.csproj", "{A318E994-64E2-4E96-820F-FEF501E1D090}"
EndProject
Project("{2150E333-8FDC-42A3-9474-1A3956D46DE8}") = "Consumer", "Consumer", "{DEB24BF6-EED4-4A4F-B30D-22A9C452CD1C}"
EndProject
Project("{2150E333-8FDC-42A3-9474-1A3956D46DE8}") = "Domain", "Domain", "{871ABB76-80B4-4B46-BED9-1F22FED12C50}"
EndProject
Project("{FAE04EC0-301F-11D3-BF4B-00C04F79EFBC}") = "Devboost.ChallengeDay.Consumer.Domain", "Consumer\Domain\Devboost.ChallengeDay.Consumer.Domain\Devboost.ChallengeDay.Consumer.Domain.csproj", "{2A7C451A-DE20-4421-A95D-D66297A7DD9A}"
EndProject
Project("{9A19103F-16F7-4668-BE54-9A1E7A4F7556}") = "Devboost.ChallengeDay.Data", "Devboost.ChallengeDay.Data\Devboost.ChallengeDay.Data.csproj", "{8AEC8CF4-104C-4C39-B5DF-69701E5F9677}"
EndProject
Project("{FAE04EC0-301F-11D3-BF4B-00C04F79EFBC}") = "Devboost.ChallengeDay.Consumer.Services", "Consumer\Services\Devboost.ChallengeDay.Consumer.Services\Devboost.ChallengeDay.Consumer.Services.csproj", "{E488EAC2-2EA9-4B7E-965A-80A902725F8F}"
EndProject
Global
	GlobalSection(SolutionConfigurationPlatforms) = preSolution
		Debug|Any CPU = Debug|Any CPU
		Release|Any CPU = Release|Any CPU
	EndGlobalSection
	GlobalSection(ProjectConfigurationPlatforms) = postSolution
		{84D8871E-0F6D-48EC-BF73-971E7DA0924F}.Debug|Any CPU.ActiveCfg = Debug|Any CPU
		{84D8871E-0F6D-48EC-BF73-971E7DA0924F}.Debug|Any CPU.Build.0 = Debug|Any CPU
		{84D8871E-0F6D-48EC-BF73-971E7DA0924F}.Release|Any CPU.ActiveCfg = Release|Any CPU
		{84D8871E-0F6D-48EC-BF73-971E7DA0924F}.Release|Any CPU.Build.0 = Release|Any CPU
		{90C25E88-FE2E-4FD9-AD09-B27223CFCF26}.Debug|Any CPU.ActiveCfg = Debug|Any CPU
		{90C25E88-FE2E-4FD9-AD09-B27223CFCF26}.Debug|Any CPU.Build.0 = Debug|Any CPU
		{90C25E88-FE2E-4FD9-AD09-B27223CFCF26}.Release|Any CPU.ActiveCfg = Release|Any CPU
		{90C25E88-FE2E-4FD9-AD09-B27223CFCF26}.Release|Any CPU.Build.0 = Release|Any CPU
		{76A3529D-79AF-4E6B-AED4-CB12FF7DDD87}.Debug|Any CPU.ActiveCfg = Debug|Any CPU
		{76A3529D-79AF-4E6B-AED4-CB12FF7DDD87}.Debug|Any CPU.Build.0 = Debug|Any CPU
		{76A3529D-79AF-4E6B-AED4-CB12FF7DDD87}.Release|Any CPU.ActiveCfg = Release|Any CPU
		{76A3529D-79AF-4E6B-AED4-CB12FF7DDD87}.Release|Any CPU.Build.0 = Release|Any CPU
		{CE94222A-8691-4E7D-863C-E4C939DCB746}.Debug|Any CPU.ActiveCfg = Debug|Any CPU
		{CE94222A-8691-4E7D-863C-E4C939DCB746}.Debug|Any CPU.Build.0 = Debug|Any CPU
		{CE94222A-8691-4E7D-863C-E4C939DCB746}.Release|Any CPU.ActiveCfg = Release|Any CPU
		{CE94222A-8691-4E7D-863C-E4C939DCB746}.Release|Any CPU.Build.0 = Release|Any CPU
		{71514663-303F-49E7-8429-3857F8CFEFD0}.Debug|Any CPU.ActiveCfg = Debug|Any CPU
		{71514663-303F-49E7-8429-3857F8CFEFD0}.Debug|Any CPU.Build.0 = Debug|Any CPU
		{71514663-303F-49E7-8429-3857F8CFEFD0}.Release|Any CPU.ActiveCfg = Release|Any CPU
		{71514663-303F-49E7-8429-3857F8CFEFD0}.Release|Any CPU.Build.0 = Release|Any CPU
		{CE6C0B6C-6F2A-4CBC-A5E0-E1ABDFB43FF5}.Debug|Any CPU.ActiveCfg = Debug|Any CPU
		{CE6C0B6C-6F2A-4CBC-A5E0-E1ABDFB43FF5}.Debug|Any CPU.Build.0 = Debug|Any CPU
		{CE6C0B6C-6F2A-4CBC-A5E0-E1ABDFB43FF5}.Release|Any CPU.ActiveCfg = Release|Any CPU
		{CE6C0B6C-6F2A-4CBC-A5E0-E1ABDFB43FF5}.Release|Any CPU.Build.0 = Release|Any CPU
		{85D25B95-6F8B-4E41-AAF1-FF3E831D517B}.Debug|Any CPU.ActiveCfg = Debug|Any CPU
		{85D25B95-6F8B-4E41-AAF1-FF3E831D517B}.Debug|Any CPU.Build.0 = Debug|Any CPU
		{85D25B95-6F8B-4E41-AAF1-FF3E831D517B}.Release|Any CPU.ActiveCfg = Release|Any CPU
		{85D25B95-6F8B-4E41-AAF1-FF3E831D517B}.Release|Any CPU.Build.0 = Release|Any CPU
		{A318E994-64E2-4E96-820F-FEF501E1D090}.Debug|Any CPU.ActiveCfg = Debug|Any CPU
		{A318E994-64E2-4E96-820F-FEF501E1D090}.Debug|Any CPU.Build.0 = Debug|Any CPU
		{A318E994-64E2-4E96-820F-FEF501E1D090}.Release|Any CPU.ActiveCfg = Release|Any CPU
		{A318E994-64E2-4E96-820F-FEF501E1D090}.Release|Any CPU.Build.0 = Release|Any CPU
		{2A7C451A-DE20-4421-A95D-D66297A7DD9A}.Debug|Any CPU.ActiveCfg = Debug|Any CPU
		{2A7C451A-DE20-4421-A95D-D66297A7DD9A}.Debug|Any CPU.Build.0 = Debug|Any CPU
		{2A7C451A-DE20-4421-A95D-D66297A7DD9A}.Release|Any CPU.ActiveCfg = Release|Any CPU
		{2A7C451A-DE20-4421-A95D-D66297A7DD9A}.Release|Any CPU.Build.0 = Release|Any CPU
		{8AEC8CF4-104C-4C39-B5DF-69701E5F9677}.Debug|Any CPU.ActiveCfg = Debug|Any CPU
		{8AEC8CF4-104C-4C39-B5DF-69701E5F9677}.Debug|Any CPU.Build.0 = Debug|Any CPU
		{8AEC8CF4-104C-4C39-B5DF-69701E5F9677}.Release|Any CPU.ActiveCfg = Release|Any CPU
		{8AEC8CF4-104C-4C39-B5DF-69701E5F9677}.Release|Any CPU.Build.0 = Release|Any CPU
		{E488EAC2-2EA9-4B7E-965A-80A902725F8F}.Debug|Any CPU.ActiveCfg = Debug|Any CPU
		{E488EAC2-2EA9-4B7E-965A-80A902725F8F}.Debug|Any CPU.Build.0 = Debug|Any CPU
		{E488EAC2-2EA9-4B7E-965A-80A902725F8F}.Release|Any CPU.ActiveCfg = Release|Any CPU
		{E488EAC2-2EA9-4B7E-965A-80A902725F8F}.Release|Any CPU.Build.0 = Release|Any CPU
	EndGlobalSection
	GlobalSection(SolutionProperties) = preSolution
		HideSolutionNode = FALSE
	EndGlobalSection
	GlobalSection(NestedProjects) = preSolution
		{84D8871E-0F6D-48EC-BF73-971E7DA0924F} = {10AB3E64-680E-4150-BE89-2871FD50D136}
		{90C25E88-FE2E-4FD9-AD09-B27223CFCF26} = {44A6F185-4AF3-476C-8AB2-61EB03B094D0}
		{76A3529D-79AF-4E6B-AED4-CB12FF7DDD87} = {FDEA76FA-651D-4B5C-A6F6-DF8ABABD26F9}
		{CE94222A-8691-4E7D-863C-E4C939DCB746} = {FDEA76FA-651D-4B5C-A6F6-DF8ABABD26F9}
		{71514663-303F-49E7-8429-3857F8CFEFD0} = {345F047F-3E87-4575-A2CF-7000C3842A7C}
		{CE6C0B6C-6F2A-4CBC-A5E0-E1ABDFB43FF5} = {DEB24BF6-EED4-4A4F-B30D-22A9C452CD1C}
		{85D25B95-6F8B-4E41-AAF1-FF3E831D517B} = {7F825D96-28EB-4071-B36E-57DC82BEBDD2}
		{A318E994-64E2-4E96-820F-FEF501E1D090} = {7F825D96-28EB-4071-B36E-57DC82BEBDD2}
		{871ABB76-80B4-4B46-BED9-1F22FED12C50} = {DEB24BF6-EED4-4A4F-B30D-22A9C452CD1C}
		{2A7C451A-DE20-4421-A95D-D66297A7DD9A} = {871ABB76-80B4-4B46-BED9-1F22FED12C50}
		{8AEC8CF4-104C-4C39-B5DF-69701E5F9677} = {345F047F-3E87-4575-A2CF-7000C3842A7C}
		{E488EAC2-2EA9-4B7E-965A-80A902725F8F} = {871ABB76-80B4-4B46-BED9-1F22FED12C50}
	EndGlobalSection
	GlobalSection(ExtensibilityGlobals) = postSolution
		SolutionGuid = {F97C85C3-840B-4B36-9117-5A7F4A523622}
	EndGlobalSection
EndGlobal
